
Microsoft Visual Studio Solution File, Format Version 12.00
# Visual Studio 14
VisualStudioVersion = 14.0.25123.0
MinimumVisualStudioVersion = 10.0.40219.1
Project("{FAE04EC0-301F-11D3-BF4B-00C04F79EFBC}") = "HelloWPFApp", "HelloWPFApp\HelloWPFApp.csproj", "{4E5B804A-76FF-4BDD-9359-772051DC6AAA}"
EndProject
Project("{FAE04EC0-301F-11D3-BF4B-00C04F79EFBC}") = "PictureViewerWPF", "PictureViewerWPF\PictureViewerWPF.csproj", "{212F2C7C-2B9D-4988-BCC1-DB76EDAFC525}"
EndProject
Project("{FAE04EC0-301F-11D3-BF4B-00C04F79EFBC}") = "MathQuizWPF", "MathQuizWPF\MathQuizWPF.csproj", "{BE0B0542-AD24-4C11-B2FF-306AEF1B8EA7}"
EndProject
Global
	GlobalSection(SolutionConfigurationPlatforms) = preSolution
		Debug|Any CPU = Debug|Any CPU
		Release|Any CPU = Release|Any CPU
	EndGlobalSection
	GlobalSection(ProjectConfigurationPlatforms) = postSolution
		{4E5B804A-76FF-4BDD-9359-772051DC6AAA}.Debug|Any CPU.ActiveCfg = Debug|Any CPU
		{4E5B804A-76FF-4BDD-9359-772051DC6AAA}.Debug|Any CPU.Build.0 = Debug|Any CPU
		{4E5B804A-76FF-4BDD-9359-772051DC6AAA}.Release|Any CPU.ActiveCfg = Release|Any CPU
		{4E5B804A-76FF-4BDD-9359-772051DC6AAA}.Release|Any CPU.Build.0 = Release|Any CPU
		{212F2C7C-2B9D-4988-BCC1-DB76EDAFC525}.Debug|Any CPU.ActiveCfg = Debug|Any CPU
		{212F2C7C-2B9D-4988-BCC1-DB76EDAFC525}.Debug|Any CPU.Build.0 = Debug|Any CPU
		{212F2C7C-2B9D-4988-BCC1-DB76EDAFC525}.Release|Any CPU.ActiveCfg = Release|Any CPU
		{212F2C7C-2B9D-4988-BCC1-DB76EDAFC525}.Release|Any CPU.Build.0 = Release|Any CPU
		{BE0B0542-AD24-4C11-B2FF-306AEF1B8EA7}.Debug|Any CPU.ActiveCfg = Debug|Any CPU
		{BE0B0542-AD24-4C11-B2FF-306AEF1B8EA7}.Debug|Any CPU.Build.0 = Debug|Any CPU
		{BE0B0542-AD24-4C11-B2FF-306AEF1B8EA7}.Release|Any CPU.ActiveCfg = Release|Any CPU
		{BE0B0542-AD24-4C11-B2FF-306AEF1B8EA7}.Release|Any CPU.Build.0 = Release|Any CPU
	EndGlobalSection
	GlobalSection(SolutionProperties) = preSolution
		HideSolutionNode = FALSE
	EndGlobalSection
EndGlobal
